
Microsoft Visual Studio Solution File, Format Version 12.00
# Visual Studio Version 16
VisualStudioVersion = 16.0.31624.102
MinimumVisualStudioVersion = 10.0.40219.1
Project("{9A19103F-16F7-4668-BE54-9A1E7A4F7556}") = "Sample_Api", "Sample_Api\Sample_Api.csproj", "{4C308014-FBEC-4F46-8AE1-2900C7FBF821}"
EndProject
Project("{FAE04EC0-301F-11D3-BF4B-00C04F79EFBC}") = "ClassLibrary1", "ClassLibrary1\ClassLibrary1.csproj", "{F69D439D-C42C-45F7-9DAD-A3699A1CD4F8}"
EndProject
Global
	GlobalSection(SolutionConfigurationPlatforms) = preSolution
		Debug|Any CPU = Debug|Any CPU
		Release|Any CPU = Release|Any CPU
	EndGlobalSection
	GlobalSection(ProjectConfigurationPlatforms) = postSolution
		{4C308014-FBEC-4F46-8AE1-2900C7FBF821}.Debug|Any CPU.ActiveCfg = Debug|Any CPU
		{4C308014-FBEC-4F46-8AE1-2900C7FBF821}.Debug|Any CPU.Build.0 = Debug|Any CPU
		{4C308014-FBEC-4F46-8AE1-2900C7FBF821}.Release|Any CPU.ActiveCfg = Release|Any CPU
		{4C308014-FBEC-4F46-8AE1-2900C7FBF821}.Release|Any CPU.Build.0 = Release|Any CPU
		{F69D439D-C42C-45F7-9DAD-A3699A1CD4F8}.Debug|Any CPU.ActiveCfg = Debug|Any CPU
		{F69D439D-C42C-45F7-9DAD-A3699A1CD4F8}.Debug|Any CPU.Build.0 = Debug|Any CPU
		{F69D439D-C42C-45F7-9DAD-A3699A1CD4F8}.Release|Any CPU.ActiveCfg = Release|Any CPU
		{F69D439D-C42C-45F7-9DAD-A3699A1CD4F8}.Release|Any CPU.Build.0 = Release|Any CPU
	EndGlobalSection
	GlobalSection(SolutionProperties) = preSolution
		HideSolutionNode = FALSE
	EndGlobalSection
	GlobalSection(ExtensibilityGlobals) = postSolution
		SolutionGuid = {F66E4853-7AAE-4E1A-B007-19023F9691D5}
	EndGlobalSection
EndGlobal
